
Microsoft Visual Studio Solution File, Format Version 12.00
# Visual Studio 14
VisualStudioVersion = 14.0.23107.0
MinimumVisualStudioVersion = 10.0.40219.1
Project("{8BB2217D-0F2D-49D1-97BC-3654ED321F3B}") = "DBC", "src\DBC\DBC.xproj", "{8E1B0024-2985-4948-A6CA-DF104BA3252D}"
EndProject
Project("{2150E333-8FDC-42A3-9474-1A3956D46DE8}") = "Solution Items", "Solution Items", "{A29B780E-EC4A-4C1A-966C-7BD09ED82123}"
	ProjectSection(SolutionItems) = preProject
		global.json = global.json
	EndProjectSection
EndProject
Project("{8BB2217D-0F2D-49D1-97BC-3654ED321F3B}") = "CsvHelper", "wrap\CsvHelper\CsvHelper.xproj", "{6263C785-BE15-4B66-A84F-00C0E043A1AE}"
EndProject
Project("{8BB2217D-0F2D-49D1-97BC-3654ED321F3B}") = "DBC.test", "test\DBC.test\DBC.test.xproj", "{FD8F48B8-D2B7-4625-BA48-88B4BCD6F0A1}"
EndProject
Project("{8BB2217D-0F2D-49D1-97BC-3654ED321F3B}") = "Anderman.JsonLocalization", "..\Localization\src\Anderman.JsonLocalization\Anderman.JsonLocalization.xproj", "{B5CCB3F8-45B4-4927-8579-FE6B4EBB29D4}"
EndProject
Project("{8BB2217D-0F2D-49D1-97BC-3654ED321F3B}") = "Mvc6.JQuery.Datatables", "..\Mvc.JQuery.Datatables\src\Mvc6.JQuery.Datatables\Mvc6.JQuery.Datatables.xproj", "{FA56DBCA-3159-42A1-8837-C687B6ADC99A}"
EndProject
Project("{8BB2217D-0F2D-49D1-97BC-3654ED321F3B}") = "TagHelpers", "..\TagHelpers\src\TagHelpers\TagHelpers.xproj", "{5A9B15ED-4AF9-4497-9279-A5CF132CBA70}"
EndProject
Project("{8BB2217D-0F2D-49D1-97BC-3654ED321F3B}") = "Anderman.RazorMinify", "..\RazorMinify\src\RazorMinify\Anderman.RazorMinify.xproj", "{A1589AB8-E7F7-4270-8713-9E7960CEF1B5}"
EndProject
Global
	GlobalSection(SolutionConfigurationPlatforms) = preSolution
		Debug|Any CPU = Debug|Any CPU
		DemoMode|Any CPU = DemoMode|Any CPU
		Release|Any CPU = Release|Any CPU
	EndGlobalSection
	GlobalSection(ProjectConfigurationPlatforms) = postSolution
		{8E1B0024-2985-4948-A6CA-DF104BA3252D}.Debug|Any CPU.ActiveCfg = Debug|Any CPU
		{8E1B0024-2985-4948-A6CA-DF104BA3252D}.Debug|Any CPU.Build.0 = Debug|Any CPU
		{8E1B0024-2985-4948-A6CA-DF104BA3252D}.DemoMode|Any CPU.ActiveCfg = Debug|Any CPU
		{8E1B0024-2985-4948-A6CA-DF104BA3252D}.DemoMode|Any CPU.Build.0 = Debug|Any CPU
		{8E1B0024-2985-4948-A6CA-DF104BA3252D}.Release|Any CPU.ActiveCfg = Release|Any CPU
		{8E1B0024-2985-4948-A6CA-DF104BA3252D}.Release|Any CPU.Build.0 = Release|Any CPU
		{6263C785-BE15-4B66-A84F-00C0E043A1AE}.Debug|Any CPU.ActiveCfg = Debug|Any CPU
		{6263C785-BE15-4B66-A84F-00C0E043A1AE}.Debug|Any CPU.Build.0 = Debug|Any CPU
		{6263C785-BE15-4B66-A84F-00C0E043A1AE}.DemoMode|Any CPU.ActiveCfg = Debug|Any CPU
		{6263C785-BE15-4B66-A84F-00C0E043A1AE}.DemoMode|Any CPU.Build.0 = Debug|Any CPU
		{6263C785-BE15-4B66-A84F-00C0E043A1AE}.Release|Any CPU.ActiveCfg = Release|Any CPU
		{6263C785-BE15-4B66-A84F-00C0E043A1AE}.Release|Any CPU.Build.0 = Release|Any CPU
		{FD8F48B8-D2B7-4625-BA48-88B4BCD6F0A1}.Debug|Any CPU.ActiveCfg = Debug|Any CPU
		{FD8F48B8-D2B7-4625-BA48-88B4BCD6F0A1}.Debug|Any CPU.Build.0 = Debug|Any CPU
		{FD8F48B8-D2B7-4625-BA48-88B4BCD6F0A1}.DemoMode|Any CPU.ActiveCfg = Debug|Any CPU
		{FD8F48B8-D2B7-4625-BA48-88B4BCD6F0A1}.DemoMode|Any CPU.Build.0 = Debug|Any CPU
		{FD8F48B8-D2B7-4625-BA48-88B4BCD6F0A1}.Release|Any CPU.ActiveCfg = Release|Any CPU
		{FD8F48B8-D2B7-4625-BA48-88B4BCD6F0A1}.Release|Any CPU.Build.0 = Release|Any CPU
		{B5CCB3F8-45B4-4927-8579-FE6B4EBB29D4}.Debug|Any CPU.ActiveCfg = Debug|Any CPU
		{B5CCB3F8-45B4-4927-8579-FE6B4EBB29D4}.Debug|Any CPU.Build.0 = Debug|Any CPU
		{B5CCB3F8-45B4-4927-8579-FE6B4EBB29D4}.DemoMode|Any CPU.ActiveCfg = Debug|Any CPU
		{B5CCB3F8-45B4-4927-8579-FE6B4EBB29D4}.DemoMode|Any CPU.Build.0 = Debug|Any CPU
		{B5CCB3F8-45B4-4927-8579-FE6B4EBB29D4}.Release|Any CPU.ActiveCfg = Release|Any CPU
		{B5CCB3F8-45B4-4927-8579-FE6B4EBB29D4}.Release|Any CPU.Build.0 = Release|Any CPU
		{FA56DBCA-3159-42A1-8837-C687B6ADC99A}.Debug|Any CPU.ActiveCfg = Debug|Any CPU
		{FA56DBCA-3159-42A1-8837-C687B6ADC99A}.Debug|Any CPU.Build.0 = Debug|Any CPU
		{FA56DBCA-3159-42A1-8837-C687B6ADC99A}.DemoMode|Any CPU.ActiveCfg = Debug|Any CPU
		{FA56DBCA-3159-42A1-8837-C687B6ADC99A}.DemoMode|Any CPU.Build.0 = Debug|Any CPU
		{FA56DBCA-3159-42A1-8837-C687B6ADC99A}.Release|Any CPU.ActiveCfg = Release|Any CPU
		{FA56DBCA-3159-42A1-8837-C687B6ADC99A}.Release|Any CPU.Build.0 = Release|Any CPU
		{5A9B15ED-4AF9-4497-9279-A5CF132CBA70}.Debug|Any CPU.ActiveCfg = Debug|Any CPU
		{5A9B15ED-4AF9-4497-9279-A5CF132CBA70}.Debug|Any CPU.Build.0 = Debug|Any CPU
		{5A9B15ED-4AF9-4497-9279-A5CF132CBA70}.DemoMode|Any CPU.ActiveCfg = Debug|Any CPU
		{5A9B15ED-4AF9-4497-9279-A5CF132CBA70}.DemoMode|Any CPU.Build.0 = Debug|Any CPU
		{5A9B15ED-4AF9-4497-9279-A5CF132CBA70}.Release|Any CPU.ActiveCfg = Release|Any CPU
		{5A9B15ED-4AF9-4497-9279-A5CF132CBA70}.Release|Any CPU.Build.0 = Release|Any CPU
		{A1589AB8-E7F7-4270-8713-9E7960CEF1B5}.Debug|Any CPU.ActiveCfg = Debug|Any CPU
		{A1589AB8-E7F7-4270-8713-9E7960CEF1B5}.Debug|Any CPU.Build.0 = Debug|Any CPU
		{A1589AB8-E7F7-4270-8713-9E7960CEF1B5}.DemoMode|Any CPU.ActiveCfg = Debug|Any CPU
		{A1589AB8-E7F7-4270-8713-9E7960CEF1B5}.DemoMode|Any CPU.Build.0 = Debug|Any CPU
		{A1589AB8-E7F7-4270-8713-9E7960CEF1B5}.Release|Any CPU.ActiveCfg = Release|Any CPU
		{A1589AB8-E7F7-4270-8713-9E7960CEF1B5}.Release|Any CPU.Build.0 = Release|Any CPU
	EndGlobalSection
	GlobalSection(SolutionProperties) = preSolution
		HideSolutionNode = FALSE
	EndGlobalSection
EndGlobal
