
Microsoft Visual Studio Solution File, Format Version 12.00
# Visual Studio 14
VisualStudioVersion = 14.0.23107.0
MinimumVisualStudioVersion = 10.0.40219.1
Project("{8BB2217D-0F2D-49D1-97BC-3654ED321F3B}") = "DBC", "src\DBC\DBC.xproj", "{8E1B0024-2985-4948-A6CA-DF104BA3252D}"
EndProject
Project("{8BB2217D-0F2D-49D1-97BC-3654ED321F3B}") = "DBC.test", "test\DBC.test\DBC.test.xproj", "{FD8F48B8-D2B7-4625-BA48-88B4BCD6F0A1}"
EndProject
Project("{2150E333-8FDC-42A3-9474-1A3956D46DE8}") = "Solution Items", "Solution Items", "{A29B780E-EC4A-4C1A-966C-7BD09ED82123}"
	ProjectSection(SolutionItems) = preProject
		global.json = global.json
	EndProjectSection
EndProject
Project("{8BB2217D-0F2D-49D1-97BC-3654ED321F3B}") = "Mvc6.JQuery.Datatables", "..\Mvc.JQuery.Datatables\src\Mvc6.JQuery.Datatables\Mvc6.JQuery.Datatables.xproj", "{FA56DBCA-3159-42A1-8837-C687B6ADC99A}"
EndProject
Project("{8BB2217D-0F2D-49D1-97BC-3654ED321F3B}") = "Taghelpers", "..\TagHelpers\src\TagHelpers\Taghelpers.xproj", "{5A9B15ED-4AF9-4497-9279-A5CF132CBA70}"
EndProject
Project("{8BB2217D-0F2D-49D1-97BC-3654ED321F3B}") = "Beta7Sample", "src\Beta7Sample\Beta7Sample.xproj", "{7A6BFC2D-8795-445C-9DD3-A522DA77D8A0}"
EndProject
Global
	GlobalSection(SolutionConfigurationPlatforms) = preSolution
		Debug|Any CPU = Debug|Any CPU
		Release|Any CPU = Release|Any CPU
	EndGlobalSection
	GlobalSection(ProjectConfigurationPlatforms) = postSolution
		{8E1B0024-2985-4948-A6CA-DF104BA3252D}.Debug|Any CPU.ActiveCfg = Debug|Any CPU
		{8E1B0024-2985-4948-A6CA-DF104BA3252D}.Debug|Any CPU.Build.0 = Debug|Any CPU
		{8E1B0024-2985-4948-A6CA-DF104BA3252D}.Release|Any CPU.ActiveCfg = Release|Any CPU
		{8E1B0024-2985-4948-A6CA-DF104BA3252D}.Release|Any CPU.Build.0 = Release|Any CPU
		{FD8F48B8-D2B7-4625-BA48-88B4BCD6F0A1}.Debug|Any CPU.ActiveCfg = Debug|Any CPU
		{FD8F48B8-D2B7-4625-BA48-88B4BCD6F0A1}.Debug|Any CPU.Build.0 = Debug|Any CPU
		{FD8F48B8-D2B7-4625-BA48-88B4BCD6F0A1}.Release|Any CPU.ActiveCfg = Release|Any CPU
		{FD8F48B8-D2B7-4625-BA48-88B4BCD6F0A1}.Release|Any CPU.Build.0 = Release|Any CPU
		{FA56DBCA-3159-42A1-8837-C687B6ADC99A}.Debug|Any CPU.ActiveCfg = Debug|Any CPU
		{FA56DBCA-3159-42A1-8837-C687B6ADC99A}.Debug|Any CPU.Build.0 = Debug|Any CPU
		{FA56DBCA-3159-42A1-8837-C687B6ADC99A}.Release|Any CPU.ActiveCfg = Release|Any CPU
		{FA56DBCA-3159-42A1-8837-C687B6ADC99A}.Release|Any CPU.Build.0 = Release|Any CPU
		{5A9B15ED-4AF9-4497-9279-A5CF132CBA70}.Debug|Any CPU.ActiveCfg = Debug|Any CPU
		{5A9B15ED-4AF9-4497-9279-A5CF132CBA70}.Debug|Any CPU.Build.0 = Debug|Any CPU
		{5A9B15ED-4AF9-4497-9279-A5CF132CBA70}.Release|Any CPU.ActiveCfg = Release|Any CPU
		{5A9B15ED-4AF9-4497-9279-A5CF132CBA70}.Release|Any CPU.Build.0 = Release|Any CPU
		{7A6BFC2D-8795-445C-9DD3-A522DA77D8A0}.Debug|Any CPU.ActiveCfg = Debug|Any CPU
		{7A6BFC2D-8795-445C-9DD3-A522DA77D8A0}.Debug|Any CPU.Build.0 = Debug|Any CPU
		{7A6BFC2D-8795-445C-9DD3-A522DA77D8A0}.Release|Any CPU.ActiveCfg = Release|Any CPU
		{7A6BFC2D-8795-445C-9DD3-A522DA77D8A0}.Release|Any CPU.Build.0 = Release|Any CPU
	EndGlobalSection
	GlobalSection(SolutionProperties) = preSolution
		HideSolutionNode = FALSE
	EndGlobalSection
EndGlobal
